// !$*UTF8*$!
{
	archiveVersion = 1;
	classes = {
	};
	objectVersion = 46;
	objects = {

/* Begin PBXBuildFile section */
		9F3EFF8C13B82BF400F4EEC3 /* ThreadedGCDDriver.mm in Sources */ = {isa = PBXBuildFile; fileRef = 9F3EFF8B13B82BF400F4EEC3 /* ThreadedGCDDriver.mm */; };
		9F54D06813A7E2EF00BCAB6B /* EAGLView.mm in Sources */ = {isa = PBXBuildFile; fileRef = 9F54D06313A7E2EF00BCAB6B /* EAGLView.mm */; };
		9F54D06913A7E2EF00BCAB6B /* LimbicGLViewController.mm in Sources */ = {isa = PBXBuildFile; fileRef = 9F54D06513A7E2EF00BCAB6B /* LimbicGLViewController.mm */; };
		9F54D06A13A7E2EF00BCAB6B /* Renderer.mm in Sources */ = {isa = PBXBuildFile; fileRef = 9F54D06713A7E2EF00BCAB6B /* Renderer.mm */; };
		9F5E8ECC13AAB23400413A91 /* pvrfile.mm in Sources */ = {isa = PBXBuildFile; fileRef = 9F5E8ECA13AAB23400413A91 /* pvrfile.mm */; };
		9F5E8ED613AAD6F000413A91 /* TextureManager.mm in Sources */ = {isa = PBXBuildFile; fileRef = 9F5E8ED513AAD6F000413A91 /* TextureManager.mm */; };
		9F5E8ED813AAD8AF00413A91 /* checkerboard.pvr in Resources */ = {isa = PBXBuildFile; fileRef = 9F5E8ED713AAD8AF00413A91 /* checkerboard.pvr */; };
		9F5E8EDB13AAE43F00413A91 /* SyncedTexture.mm in Sources */ = {isa = PBXBuildFile; fileRef = 9F5E8EDA13AAE43F00413A91 /* SyncedTexture.mm */; };
		9F5E8EDD13AB28F300413A91 /* limbic_logo.pvr in Resources */ = {isa = PBXBuildFile; fileRef = 9F5E8EDC13AB28F300413A91 /* limbic_logo.pvr */; };
		9F5E8EE013AB2AD400413A91 /* AsyncTexture.mm in Sources */ = {isa = PBXBuildFile; fileRef = 9F5E8EDF13AB2AD400413A91 /* AsyncTexture.mm */; };
		9F97063213A7E4DF00EDA5B8 /* GameKit.framework in Frameworks */ = {isa = PBXBuildFile; fileRef = 9F97063113A7E4DF00EDA5B8 /* GameKit.framework */; };
		9F97064513A7E66100EDA5B8 /* glprogram.cc in Sources */ = {isa = PBXBuildFile; fileRef = 9F97063F13A7E66100EDA5B8 /* glprogram.cc */; };
		9F97064613A7E66100EDA5B8 /* glshader.cc in Sources */ = {isa = PBXBuildFile; fileRef = 9F97064113A7E66100EDA5B8 /* glshader.cc */; };
		9F97064713A7E66100EDA5B8 /* performancemonitor.cc in Sources */ = {isa = PBXBuildFile; fileRef = 9F97064313A7E66100EDA5B8 /* performancemonitor.cc */; };
		9FBA943913A7E2970080071B /* UIKit.framework in Frameworks */ = {isa = PBXBuildFile; fileRef = 9FBA943813A7E2970080071B /* UIKit.framework */; };
		9FBA943B13A7E2970080071B /* Foundation.framework in Frameworks */ = {isa = PBXBuildFile; fileRef = 9FBA943A13A7E2970080071B /* Foundation.framework */; };
		9FBA943D13A7E2970080071B /* CoreGraphics.framework in Frameworks */ = {isa = PBXBuildFile; fileRef = 9FBA943C13A7E2970080071B /* CoreGraphics.framework */; };
		9FBA943F13A7E2970080071B /* QuartzCore.framework in Frameworks */ = {isa = PBXBuildFile; fileRef = 9FBA943E13A7E2970080071B /* QuartzCore.framework */; };
		9FBA944113A7E2970080071B /* OpenGLES.framework in Frameworks */ = {isa = PBXBuildFile; fileRef = 9FBA944013A7E2970080071B /* OpenGLES.framework */; };
		9FBA944713A7E2970080071B /* InfoPlist.strings in Resources */ = {isa = PBXBuildFile; fileRef = 9FBA944513A7E2970080071B /* InfoPlist.strings */; };
		9FBA944A13A7E2970080071B /* main.m in Sources */ = {isa = PBXBuildFile; fileRef = 9FBA944913A7E2970080071B /* main.m */; };
		9FBA944D13A7E2970080071B /* LimbicGLAppDelegate.mm in Sources */ = {isa = PBXBuildFile; fileRef = 9FBA944C13A7E2970080071B /* LimbicGLAppDelegate.mm */; };
		9FBA945013A7E2970080071B /* MainWindow.xib in Resources */ = {isa = PBXBuildFile; fileRef = 9FBA944E13A7E2970080071B /* MainWindow.xib */; };
		9FBA945D13A7E2970080071B /* LimbicGLViewController.xib in Resources */ = {isa = PBXBuildFile; fileRef = 9FBA945B13A7E2970080071B /* LimbicGLViewController.xib */; };
		9FCB68BB13A934B900368BE2 /* SingleThreadDriver.mm in Sources */ = {isa = PBXBuildFile; fileRef = 9FCB68BA13A934B900368BE2 /* SingleThreadDriver.mm */; };
		9FCB68BE13A93DAA00368BE2 /* GCDDriver.mm in Sources */ = {isa = PBXBuildFile; fileRef = 9FCB68BD13A93DAA00368BE2 /* GCDDriver.mm */; };
		9FCB68C113A93DB800368BE2 /* ThreadedDriver.mm in Sources */ = {isa = PBXBuildFile; fileRef = 9FCB68C013A93DB800368BE2 /* ThreadedDriver.mm */; };
		9FED698513A877E90022C002 /* MainWindow-iPad.xib in Resources */ = {isa = PBXBuildFile; fileRef = 9FED698313A877E90022C002 /* MainWindow-iPad.xib */; };
		9FED698A13A87B260022C002 /* RenderTarget.m in Sources */ = {isa = PBXBuildFile; fileRef = 9FED698913A87B260022C002 /* RenderTarget.m */; };
		9FEF560A13A82EC600C9A484 /* game.mm in Sources */ = {isa = PBXBuildFile; fileRef = 9FEF560813A82EC600C9A484 /* game.mm */; };
		AB6C525C1526C2F80056EE84 /* PVRTBoneBatch.cpp in Sources */ = {isa = PBXBuildFile; fileRef = AB6C52301526C2F80056EE84 /* PVRTBoneBatch.cpp */; };
		AB6C525D1526C2F80056EE84 /* PVRTDecompress.cpp in Sources */ = {isa = PBXBuildFile; fileRef = AB6C52331526C2F80056EE84 /* PVRTDecompress.cpp */; };
		AB6C525E1526C2F80056EE84 /* PVRTError.cpp in Sources */ = {isa = PBXBuildFile; fileRef = AB6C52351526C2F80056EE84 /* PVRTError.cpp */; };
		AB6C525F1526C2F80056EE84 /* PVRTFixedPoint.cpp in Sources */ = {isa = PBXBuildFile; fileRef = AB6C52371526C2F80056EE84 /* PVRTFixedPoint.cpp */; };
		AB6C52601526C2F80056EE84 /* PVRTGeometry.cpp in Sources */ = {isa = PBXBuildFile; fileRef = AB6C52391526C2F80056EE84 /* PVRTGeometry.cpp */; };
		AB6C52611526C2F80056EE84 /* PVRTMatrixF.cpp in Sources */ = {isa = PBXBuildFile; fileRef = AB6C523E1526C2F80056EE84 /* PVRTMatrixF.cpp */; };
		AB6C52621526C2F80056EE84 /* PVRTMatrixX.cpp in Sources */ = {isa = PBXBuildFile; fileRef = AB6C523F1526C2F80056EE84 /* PVRTMatrixX.cpp */; };
		AB6C52631526C2F80056EE84 /* PVRTMisc.cpp in Sources */ = {isa = PBXBuildFile; fileRef = AB6C52411526C2F80056EE84 /* PVRTMisc.cpp */; };
		AB6C52641526C2F80056EE84 /* PVRTModelPOD.cpp in Sources */ = {isa = PBXBuildFile; fileRef = AB6C52431526C2F80056EE84 /* PVRTModelPOD.cpp */; };
		AB6C52651526C2F80056EE84 /* PVRTPFXParser.cpp in Sources */ = {isa = PBXBuildFile; fileRef = AB6C52461526C2F80056EE84 /* PVRTPFXParser.cpp */; };
		AB6C52661526C2F80056EE84 /* PVRTQuaternionF.cpp in Sources */ = {isa = PBXBuildFile; fileRef = AB6C52491526C2F80056EE84 /* PVRTQuaternionF.cpp */; };
		AB6C52671526C2F80056EE84 /* PVRTQuaternionX.cpp in Sources */ = {isa = PBXBuildFile; fileRef = AB6C524A1526C2F80056EE84 /* PVRTQuaternionX.cpp */; };
		AB6C52681526C2F80056EE84 /* PVRTResourceFile.cpp in Sources */ = {isa = PBXBuildFile; fileRef = AB6C524B1526C2F80056EE84 /* PVRTResourceFile.cpp */; };
		AB6C52691526C2F80056EE84 /* PVRTShadowVol.cpp in Sources */ = {isa = PBXBuildFile; fileRef = AB6C524D1526C2F80056EE84 /* PVRTShadowVol.cpp */; };
		AB6C526A1526C2F80056EE84 /* PVRTString.cpp in Sources */ = {isa = PBXBuildFile; fileRef = AB6C52501526C2F80056EE84 /* PVRTString.cpp */; };
		AB6C526B1526C2F80056EE84 /* PVRTTexture.cpp in Sources */ = {isa = PBXBuildFile; fileRef = AB6C52521526C2F80056EE84 /* PVRTTexture.cpp */; };
		AB6C526C1526C2F80056EE84 /* PVRTTrans.cpp in Sources */ = {isa = PBXBuildFile; fileRef = AB6C52541526C2F80056EE84 /* PVRTTrans.cpp */; };
		AB6C526D1526C2F80056EE84 /* PVRTTriStrip.cpp in Sources */ = {isa = PBXBuildFile; fileRef = AB6C52561526C2F80056EE84 /* PVRTTriStrip.cpp */; };
		AB6C526E1526C2F80056EE84 /* PVRTVector.cpp in Sources */ = {isa = PBXBuildFile; fileRef = AB6C52581526C2F80056EE84 /* PVRTVector.cpp */; };
		AB6C526F1526C2F80056EE84 /* PVRTVertex.cpp in Sources */ = {isa = PBXBuildFile; fileRef = AB6C525A1526C2F80056EE84 /* PVRTVertex.cpp */; };
/* End PBXBuildFile section */

/* Begin PBXFileReference section */
		9F3EFF8A13B82BF400F4EEC3 /* ThreadedGCDDriver.h */ = {isa = PBXFileReference; fileEncoding = 4; lastKnownFileType = sourcecode.c.h; name = ThreadedGCDDriver.h; path = drivers/ThreadedGCDDriver.h; sourceTree = "<group>"; };
		9F3EFF8B13B82BF400F4EEC3 /* ThreadedGCDDriver.mm */ = {isa = PBXFileReference; fileEncoding = 4; lastKnownFileType = sourcecode.cpp.objcpp; name = ThreadedGCDDriver.mm; path = drivers/ThreadedGCDDriver.mm; sourceTree = "<group>"; };
		9F54D06213A7E2EF00BCAB6B /* EAGLView.h */ = {isa = PBXFileReference; fileEncoding = 4; lastKnownFileType = sourcecode.c.h; path = EAGLView.h; sourceTree = "<group>"; };
		9F54D06313A7E2EF00BCAB6B /* EAGLView.mm */ = {isa = PBXFileReference; fileEncoding = 4; lastKnownFileType = sourcecode.cpp.objcpp; path = EAGLView.mm; sourceTree = "<group>"; };
		9F54D06413A7E2EF00BCAB6B /* LimbicGLViewController.h */ = {isa = PBXFileReference; fileEncoding = 4; lastKnownFileType = sourcecode.c.h; path = LimbicGLViewController.h; sourceTree = "<group>"; };
		9F54D06513A7E2EF00BCAB6B /* LimbicGLViewController.mm */ = {isa = PBXFileReference; fileEncoding = 4; lastKnownFileType = sourcecode.cpp.objcpp; path = LimbicGLViewController.mm; sourceTree = "<group>"; };
		9F54D06613A7E2EF00BCAB6B /* Renderer.h */ = {isa = PBXFileReference; fileEncoding = 4; lastKnownFileType = sourcecode.c.h; path = Renderer.h; sourceTree = "<group>"; };
		9F54D06713A7E2EF00BCAB6B /* Renderer.mm */ = {isa = PBXFileReference; fileEncoding = 4; lastKnownFileType = sourcecode.cpp.objcpp; path = Renderer.mm; sourceTree = "<group>"; };
		9F5E8ECA13AAB23400413A91 /* pvrfile.mm */ = {isa = PBXFileReference; fileEncoding = 4; lastKnownFileType = sourcecode.cpp.objcpp; path = pvrfile.mm; sourceTree = "<group>"; };
		9F5E8ECB13AAB23400413A91 /* pvrfile.h */ = {isa = PBXFileReference; fileEncoding = 4; lastKnownFileType = sourcecode.c.h; path = pvrfile.h; sourceTree = "<group>"; };
		9F5E8ED413AAD6F000413A91 /* TextureManager.h */ = {isa = PBXFileReference; fileEncoding = 4; lastKnownFileType = sourcecode.c.h; path = TextureManager.h; sourceTree = "<group>"; };
		9F5E8ED513AAD6F000413A91 /* TextureManager.mm */ = {isa = PBXFileReference; fileEncoding = 4; lastKnownFileType = sourcecode.cpp.objcpp; path = TextureManager.mm; sourceTree = "<group>"; };
		9F5E8ED713AAD8AF00413A91 /* checkerboard.pvr */ = {isa = PBXFileReference; lastKnownFileType = file; path = checkerboard.pvr; sourceTree = "<group>"; };
		9F5E8ED913AAE43F00413A91 /* SyncedTexture.h */ = {isa = PBXFileReference; fileEncoding = 4; lastKnownFileType = sourcecode.c.h; path = SyncedTexture.h; sourceTree = "<group>"; };
		9F5E8EDA13AAE43F00413A91 /* SyncedTexture.mm */ = {isa = PBXFileReference; fileEncoding = 4; lastKnownFileType = sourcecode.cpp.objcpp; path = SyncedTexture.mm; sourceTree = "<group>"; };
		9F5E8EDC13AB28F300413A91 /* limbic_logo.pvr */ = {isa = PBXFileReference; lastKnownFileType = file; path = limbic_logo.pvr; sourceTree = "<group>"; };
		9F5E8EDE13AB2AD400413A91 /* AsyncTexture.h */ = {isa = PBXFileReference; fileEncoding = 4; lastKnownFileType = sourcecode.c.h; path = AsyncTexture.h; sourceTree = "<group>"; };
		9F5E8EDF13AB2AD400413A91 /* AsyncTexture.mm */ = {isa = PBXFileReference; fileEncoding = 4; lastKnownFileType = sourcecode.cpp.objcpp; path = AsyncTexture.mm; sourceTree = "<group>"; };
		9F97063113A7E4DF00EDA5B8 /* GameKit.framework */ = {isa = PBXFileReference; lastKnownFileType = wrapper.framework; name = GameKit.framework; path = System/Library/Frameworks/GameKit.framework; sourceTree = SDKROOT; };
		9F97063F13A7E66100EDA5B8 /* glprogram.cc */ = {isa = PBXFileReference; fileEncoding = 4; lastKnownFileType = sourcecode.cpp.cpp; path = glprogram.cc; sourceTree = "<group>"; };
		9F97064013A7E66100EDA5B8 /* glprogram.h */ = {isa = PBXFileReference; fileEncoding = 4; lastKnownFileType = sourcecode.c.h; path = glprogram.h; sourceTree = "<group>"; };
		9F97064113A7E66100EDA5B8 /* glshader.cc */ = {isa = PBXFileReference; fileEncoding = 4; lastKnownFileType = sourcecode.cpp.cpp; path = glshader.cc; sourceTree = "<group>"; };
		9F97064213A7E66100EDA5B8 /* glshader.h */ = {isa = PBXFileReference; fileEncoding = 4; lastKnownFileType = sourcecode.c.h; path = glshader.h; sourceTree = "<group>"; };
		9F97064313A7E66100EDA5B8 /* performancemonitor.cc */ = {isa = PBXFileReference; fileEncoding = 4; lastKnownFileType = sourcecode.cpp.cpp; path = performancemonitor.cc; sourceTree = "<group>"; };
		9F97064413A7E66100EDA5B8 /* performancemonitor.h */ = {isa = PBXFileReference; fileEncoding = 4; lastKnownFileType = sourcecode.c.h; path = performancemonitor.h; sourceTree = "<group>"; };
		9FBA943413A7E2970080071B /* limbicgl.app */ = {isa = PBXFileReference; explicitFileType = wrapper.application; includeInIndex = 0; path = limbicgl.app; sourceTree = BUILT_PRODUCTS_DIR; };
		9FBA943813A7E2970080071B /* UIKit.framework */ = {isa = PBXFileReference; lastKnownFileType = wrapper.framework; name = UIKit.framework; path = System/Library/Frameworks/UIKit.framework; sourceTree = SDKROOT; };
		9FBA943A13A7E2970080071B /* Foundation.framework */ = {isa = PBXFileReference; lastKnownFileType = wrapper.framework; name = Foundation.framework; path = System/Library/Frameworks/Foundation.framework; sourceTree = SDKROOT; };
		9FBA943C13A7E2970080071B /* CoreGraphics.framework */ = {isa = PBXFileReference; lastKnownFileType = wrapper.framework; name = CoreGraphics.framework; path = System/Library/Frameworks/CoreGraphics.framework; sourceTree = SDKROOT; };
		9FBA943E13A7E2970080071B /* QuartzCore.framework */ = {isa = PBXFileReference; lastKnownFileType = wrapper.framework; name = QuartzCore.framework; path = System/Library/Frameworks/QuartzCore.framework; sourceTree = SDKROOT; };
		9FBA944013A7E2970080071B /* OpenGLES.framework */ = {isa = PBXFileReference; lastKnownFileType = wrapper.framework; name = OpenGLES.framework; path = System/Library/Frameworks/OpenGLES.framework; sourceTree = SDKROOT; };
		9FBA944413A7E2970080071B /* limbicgl-Info.plist */ = {isa = PBXFileReference; lastKnownFileType = text.plist.xml; path = "limbicgl-Info.plist"; sourceTree = "<group>"; };
		9FBA944613A7E2970080071B /* en */ = {isa = PBXFileReference; lastKnownFileType = text.plist.strings; name = en; path = en.lproj/InfoPlist.strings; sourceTree = "<group>"; };
		9FBA944813A7E2970080071B /* limbicgl-Prefix.pch */ = {isa = PBXFileReference; lastKnownFileType = sourcecode.c.h; path = "limbicgl-Prefix.pch"; sourceTree = "<group>"; };
		9FBA944913A7E2970080071B /* main.m */ = {isa = PBXFileReference; lastKnownFileType = sourcecode.c.objc; path = main.m; sourceTree = "<group>"; };
		9FBA944B13A7E2970080071B /* LimbicGLAppDelegate.h */ = {isa = PBXFileReference; lastKnownFileType = sourcecode.c.h; path = LimbicGLAppDelegate.h; sourceTree = "<group>"; };
		9FBA944C13A7E2970080071B /* LimbicGLAppDelegate.mm */ = {isa = PBXFileReference; lastKnownFileType = sourcecode.cpp.objcpp; path = LimbicGLAppDelegate.mm; sourceTree = "<group>"; };
		9FBA944F13A7E2970080071B /* en */ = {isa = PBXFileReference; lastKnownFileType = file.xib; name = en; path = en.lproj/MainWindow.xib; sourceTree = "<group>"; };
		9FBA945C13A7E2970080071B /* en */ = {isa = PBXFileReference; lastKnownFileType = file.xib; name = en; path = en.lproj/LimbicGLViewController.xib; sourceTree = "<group>"; };
		9FCB68B513A932CA00368BE2 /* Driver.h */ = {isa = PBXFileReference; fileEncoding = 4; lastKnownFileType = sourcecode.c.h; name = Driver.h; path = drivers/Driver.h; sourceTree = "<group>"; };
		9FCB68B913A934B900368BE2 /* SingleThreadDriver.h */ = {isa = PBXFileReference; fileEncoding = 4; lastKnownFileType = sourcecode.c.h; name = SingleThreadDriver.h; path = drivers/SingleThreadDriver.h; sourceTree = "<group>"; };
		9FCB68BA13A934B900368BE2 /* SingleThreadDriver.mm */ = {isa = PBXFileReference; fileEncoding = 4; lastKnownFileType = sourcecode.cpp.objcpp; name = SingleThreadDriver.mm; path = drivers/SingleThreadDriver.mm; sourceTree = "<group>"; };
		9FCB68BC13A93DAA00368BE2 /* GCDDriver.h */ = {isa = PBXFileReference; fileEncoding = 4; lastKnownFileType = sourcecode.c.h; name = GCDDriver.h; path = drivers/GCDDriver.h; sourceTree = "<group>"; };
		9FCB68BD13A93DAA00368BE2 /* GCDDriver.mm */ = {isa = PBXFileReference; fileEncoding = 4; lastKnownFileType = sourcecode.cpp.objcpp; name = GCDDriver.mm; path = drivers/GCDDriver.mm; sourceTree = "<group>"; };
		9FCB68BF13A93DB800368BE2 /* ThreadedDriver.h */ = {isa = PBXFileReference; fileEncoding = 4; lastKnownFileType = sourcecode.c.h; name = ThreadedDriver.h; path = drivers/ThreadedDriver.h; sourceTree = "<group>"; };
		9FCB68C013A93DB800368BE2 /* ThreadedDriver.mm */ = {isa = PBXFileReference; fileEncoding = 4; lastKnownFileType = sourcecode.cpp.objcpp; name = ThreadedDriver.mm; path = drivers/ThreadedDriver.mm; sourceTree = "<group>"; };
		9FED698413A877E90022C002 /* en */ = {isa = PBXFileReference; lastKnownFileType = file.xib; name = en; path = "iPad/en.lproj/MainWindow-iPad.xib"; sourceTree = "<group>"; };
		9FED698613A878350022C002 /* codingguides.h */ = {isa = PBXFileReference; fileEncoding = 4; lastKnownFileType = sourcecode.c.h; name = codingguides.h; path = performancemonitor/codingguides.h; sourceTree = SOURCE_ROOT; };
		9FED698813A87B260022C002 /* RenderTarget.h */ = {isa = PBXFileReference; fileEncoding = 4; lastKnownFileType = sourcecode.c.h; path = RenderTarget.h; sourceTree = "<group>"; };
		9FED698913A87B260022C002 /* RenderTarget.m */ = {isa = PBXFileReference; fileEncoding = 4; lastKnownFileType = sourcecode.c.objc; path = RenderTarget.m; sourceTree = "<group>"; };
		9FEF560613A82C5700C9A484 /* config.h */ = {isa = PBXFileReference; fileEncoding = 4; lastKnownFileType = sourcecode.c.h; path = config.h; sourceTree = "<group>"; };
		9FEF560813A82EC600C9A484 /* game.mm */ = {isa = PBXFileReference; fileEncoding = 4; lastKnownFileType = sourcecode.cpp.objcpp; path = game.mm; sourceTree = "<group>"; };
		9FEF560913A82EC600C9A484 /* game.h */ = {isa = PBXFileReference; fileEncoding = 4; lastKnownFileType = sourcecode.c.h; path = game.h; sourceTree = "<group>"; };
		AB6C52221526C2510056EE84 /* Drawable3D.h */ = {isa = PBXFileReference; lastKnownFileType = sourcecode.c.h; path = Drawable3D.h; sourceTree = "<group>"; };
		AB6C52231526C2510056EE84 /* Drawable3D.cpp */ = {isa = PBXFileReference; explicitFileType = sourcecode.cpp.objcpp; path = Drawable3D.cpp; sourceTree = "<group>"; };
		AB6C52241526C2510056EE84 /* Mesh3D.h */ = {isa = PBXFileReference; lastKnownFileType = sourcecode.c.h; path = Mesh3D.h; sourceTree = "<group>"; };
		AB6C52251526C2510056EE84 /* Mesh3D.cpp */ = {isa = PBXFileReference; explicitFileType = sourcecode.cpp.objcpp; path = Mesh3D.cpp; sourceTree = "<group>"; };
		AB6C52261526C2510056EE84 /* Sprite3D.h */ = {isa = PBXFileReference; lastKnownFileType = sourcecode.c.h; path = Sprite3D.h; sourceTree = "<group>"; };
		AB6C52271526C2510056EE84 /* Sprite3D.cpp */ = {isa = PBXFileReference; explicitFileType = sourcecode.cpp.objcpp; path = Sprite3D.cpp; sourceTree = "<group>"; };
		AB6C52281526C2510056EE84 /* TextureManager.cpp */ = {isa = PBXFileReference; explicitFileType = sourcecode.cpp.objcpp; path = TextureManager.cpp; sourceTree = "<group>"; };
		AB6C52291526C2510056EE84 /* TextureManager.h */ = {isa = PBXFileReference; lastKnownFileType = sourcecode.c.h; path = TextureManager.h; sourceTree = "<group>"; };
		AB6C522A1526C2510056EE84 /* Tweeners.h */ = {isa = PBXFileReference; lastKnownFileType = sourcecode.c.h; path = Tweeners.h; sourceTree = "<group>"; };
		AB6C522B1526C2510056EE84 /* Tweeners.cpp */ = {isa = PBXFileReference; explicitFileType = sourcecode.cpp.objcpp; path = Tweeners.cpp; sourceTree = "<group>"; };
		AB6C522F1526C2F80056EE84 /* PVRTBackground.h */ = {isa = PBXFileReference; fileEncoding = 4; lastKnownFileType = sourcecode.c.h; path = PVRTBackground.h; sourceTree = "<group>"; };
		AB6C52301526C2F80056EE84 /* PVRTBoneBatch.cpp */ = {isa = PBXFileReference; fileEncoding = 4; lastKnownFileType = sourcecode.cpp.cpp; path = PVRTBoneBatch.cpp; sourceTree = "<group>"; };
		AB6C52311526C2F80056EE84 /* PVRTBoneBatch.h */ = {isa = PBXFileReference; fileEncoding = 4; lastKnownFileType = sourcecode.c.h; path = PVRTBoneBatch.h; sourceTree = "<group>"; };
		AB6C52321526C2F80056EE84 /* PVRTContext.h */ = {isa = PBXFileReference; fileEncoding = 4; lastKnownFileType = sourcecode.c.h; path = PVRTContext.h; sourceTree = "<group>"; };
		AB6C52331526C2F80056EE84 /* PVRTDecompress.cpp */ = {isa = PBXFileReference; fileEncoding = 4; lastKnownFileType = sourcecode.cpp.cpp; path = PVRTDecompress.cpp; sourceTree = "<group>"; };
		AB6C52341526C2F80056EE84 /* PVRTDecompress.h */ = {isa = PBXFileReference; fileEncoding = 4; lastKnownFileType = sourcecode.c.h; path = PVRTDecompress.h; sourceTree = "<group>"; };
		AB6C52351526C2F80056EE84 /* PVRTError.cpp */ = {isa = PBXFileReference; fileEncoding = 4; lastKnownFileType = sourcecode.cpp.cpp; path = PVRTError.cpp; sourceTree = "<group>"; };
		AB6C52361526C2F80056EE84 /* PVRTError.h */ = {isa = PBXFileReference; fileEncoding = 4; lastKnownFileType = sourcecode.c.h; path = PVRTError.h; sourceTree = "<group>"; };
		AB6C52371526C2F80056EE84 /* PVRTFixedPoint.cpp */ = {isa = PBXFileReference; fileEncoding = 4; lastKnownFileType = sourcecode.cpp.cpp; path = PVRTFixedPoint.cpp; sourceTree = "<group>"; };
		AB6C52381526C2F80056EE84 /* PVRTFixedPoint.h */ = {isa = PBXFileReference; fileEncoding = 4; lastKnownFileType = sourcecode.c.h; path = PVRTFixedPoint.h; sourceTree = "<group>"; };
		AB6C52391526C2F80056EE84 /* PVRTGeometry.cpp */ = {isa = PBXFileReference; fileEncoding = 4; lastKnownFileType = sourcecode.cpp.cpp; path = PVRTGeometry.cpp; sourceTree = "<group>"; };
		AB6C523A1526C2F80056EE84 /* PVRTGeometry.h */ = {isa = PBXFileReference; fileEncoding = 4; lastKnownFileType = sourcecode.c.h; path = PVRTGeometry.h; sourceTree = "<group>"; };
		AB6C523B1526C2F80056EE84 /* PVRTGlobal.h */ = {isa = PBXFileReference; fileEncoding = 4; lastKnownFileType = sourcecode.c.h; path = PVRTGlobal.h; sourceTree = "<group>"; };
		AB6C523C1526C2F80056EE84 /* PVRTMathTable.h */ = {isa = PBXFileReference; fileEncoding = 4; lastKnownFileType = sourcecode.c.h; path = PVRTMathTable.h; sourceTree = "<group>"; };
		AB6C523D1526C2F80056EE84 /* PVRTMatrix.h */ = {isa = PBXFileReference; fileEncoding = 4; lastKnownFileType = sourcecode.c.h; path = PVRTMatrix.h; sourceTree = "<group>"; };
		AB6C523E1526C2F80056EE84 /* PVRTMatrixF.cpp */ = {isa = PBXFileReference; fileEncoding = 4; lastKnownFileType = sourcecode.cpp.cpp; path = PVRTMatrixF.cpp; sourceTree = "<group>"; };
		AB6C523F1526C2F80056EE84 /* PVRTMatrixX.cpp */ = {isa = PBXFileReference; fileEncoding = 4; lastKnownFileType = sourcecode.cpp.cpp; path = PVRTMatrixX.cpp; sourceTree = "<group>"; };
		AB6C52401526C2F80056EE84 /* PVRTMemoryFileSystem.h */ = {isa = PBXFileReference; fileEncoding = 4; lastKnownFileType = sourcecode.c.h; path = PVRTMemoryFileSystem.h; sourceTree = "<group>"; };
		AB6C52411526C2F80056EE84 /* PVRTMisc.cpp */ = {isa = PBXFileReference; fileEncoding = 4; lastKnownFileType = sourcecode.cpp.cpp; path = PVRTMisc.cpp; sourceTree = "<group>"; };
		AB6C52421526C2F80056EE84 /* PVRTMisc.h */ = {isa = PBXFileReference; fileEncoding = 4; lastKnownFileType = sourcecode.c.h; path = PVRTMisc.h; sourceTree = "<group>"; };
		AB6C52431526C2F80056EE84 /* PVRTModelPOD.cpp */ = {isa = PBXFileReference; fileEncoding = 4; lastKnownFileType = sourcecode.cpp.cpp; path = PVRTModelPOD.cpp; sourceTree = "<group>"; };
		AB6C52441526C2F80056EE84 /* PVRTModelPOD.h */ = {isa = PBXFileReference; fileEncoding = 4; lastKnownFileType = sourcecode.c.h; path = PVRTModelPOD.h; sourceTree = "<group>"; };
		AB6C52451526C2F80056EE84 /* PVRTools.h */ = {isa = PBXFileReference; fileEncoding = 4; lastKnownFileType = sourcecode.c.h; path = PVRTools.h; sourceTree = "<group>"; };
		AB6C52461526C2F80056EE84 /* PVRTPFXParser.cpp */ = {isa = PBXFileReference; fileEncoding = 4; lastKnownFileType = sourcecode.cpp.cpp; path = PVRTPFXParser.cpp; sourceTree = "<group>"; };
		AB6C52471526C2F80056EE84 /* PVRTPFXParser.h */ = {isa = PBXFileReference; fileEncoding = 4; lastKnownFileType = sourcecode.c.h; path = PVRTPFXParser.h; sourceTree = "<group>"; };
		AB6C52481526C2F80056EE84 /* PVRTQuaternion.h */ = {isa = PBXFileReference; fileEncoding = 4; lastKnownFileType = sourcecode.c.h; path = PVRTQuaternion.h; sourceTree = "<group>"; };
		AB6C52491526C2F80056EE84 /* PVRTQuaternionF.cpp */ = {isa = PBXFileReference; fileEncoding = 4; lastKnownFileType = sourcecode.cpp.cpp; path = PVRTQuaternionF.cpp; sourceTree = "<group>"; };
		AB6C524A1526C2F80056EE84 /* PVRTQuaternionX.cpp */ = {isa = PBXFileReference; fileEncoding = 4; lastKnownFileType = sourcecode.cpp.cpp; path = PVRTQuaternionX.cpp; sourceTree = "<group>"; };
		AB6C524B1526C2F80056EE84 /* PVRTResourceFile.cpp */ = {isa = PBXFileReference; fileEncoding = 4; lastKnownFileType = sourcecode.cpp.cpp; path = PVRTResourceFile.cpp; sourceTree = "<group>"; };
		AB6C524C1526C2F80056EE84 /* PVRTResourceFile.h */ = {isa = PBXFileReference; fileEncoding = 4; lastKnownFileType = sourcecode.c.h; path = PVRTResourceFile.h; sourceTree = "<group>"; };
		AB6C524D1526C2F80056EE84 /* PVRTShadowVol.cpp */ = {isa = PBXFileReference; fileEncoding = 4; lastKnownFileType = sourcecode.cpp.cpp; path = PVRTShadowVol.cpp; sourceTree = "<group>"; };
		AB6C524E1526C2F80056EE84 /* PVRTShadowVol.h */ = {isa = PBXFileReference; fileEncoding = 4; lastKnownFileType = sourcecode.c.h; path = PVRTShadowVol.h; sourceTree = "<group>"; };
		AB6C524F1526C2F80056EE84 /* PVRTSingleton.h */ = {isa = PBXFileReference; fileEncoding = 4; lastKnownFileType = sourcecode.c.h; path = PVRTSingleton.h; sourceTree = "<group>"; };
		AB6C52501526C2F80056EE84 /* PVRTString.cpp */ = {isa = PBXFileReference; fileEncoding = 4; lastKnownFileType = sourcecode.cpp.cpp; path = PVRTString.cpp; sourceTree = "<group>"; };
		AB6C52511526C2F80056EE84 /* PVRTString.h */ = {isa = PBXFileReference; fileEncoding = 4; lastKnownFileType = sourcecode.c.h; path = PVRTString.h; sourceTree = "<group>"; };
		AB6C52521526C2F80056EE84 /* PVRTTexture.cpp */ = {isa = PBXFileReference; fileEncoding = 4; lastKnownFileType = sourcecode.cpp.cpp; path = PVRTTexture.cpp; sourceTree = "<group>"; };
		AB6C52531526C2F80056EE84 /* PVRTTexture.h */ = {isa = PBXFileReference; fileEncoding = 4; lastKnownFileType = sourcecode.c.h; path = PVRTTexture.h; sourceTree = "<group>"; };
		AB6C52541526C2F80056EE84 /* PVRTTrans.cpp */ = {isa = PBXFileReference; fileEncoding = 4; lastKnownFileType = sourcecode.cpp.cpp; path = PVRTTrans.cpp; sourceTree = "<group>"; };
		AB6C52551526C2F80056EE84 /* PVRTTrans.h */ = {isa = PBXFileReference; fileEncoding = 4; lastKnownFileType = sourcecode.c.h; path = PVRTTrans.h; sourceTree = "<group>"; };
		AB6C52561526C2F80056EE84 /* PVRTTriStrip.cpp */ = {isa = PBXFileReference; fileEncoding = 4; lastKnownFileType = sourcecode.cpp.cpp; path = PVRTTriStrip.cpp; sourceTree = "<group>"; };
		AB6C52571526C2F80056EE84 /* PVRTTriStrip.h */ = {isa = PBXFileReference; fileEncoding = 4; lastKnownFileType = sourcecode.c.h; path = PVRTTriStrip.h; sourceTree = "<group>"; };
		AB6C52581526C2F80056EE84 /* PVRTVector.cpp */ = {isa = PBXFileReference; fileEncoding = 4; lastKnownFileType = sourcecode.cpp.cpp; path = PVRTVector.cpp; sourceTree = "<group>"; };
		AB6C52591526C2F80056EE84 /* PVRTVector.h */ = {isa = PBXFileReference; fileEncoding = 4; lastKnownFileType = sourcecode.c.h; path = PVRTVector.h; sourceTree = "<group>"; };
		AB6C525A1526C2F80056EE84 /* PVRTVertex.cpp */ = {isa = PBXFileReference; fileEncoding = 4; lastKnownFileType = sourcecode.cpp.cpp; path = PVRTVertex.cpp; sourceTree = "<group>"; };
		AB6C525B1526C2F80056EE84 /* PVRTVertex.h */ = {isa = PBXFileReference; fileEncoding = 4; lastKnownFileType = sourcecode.c.h; path = PVRTVertex.h; sourceTree = "<group>"; };
/* End PBXFileReference section */

/* Begin PBXFrameworksBuildPhase section */
		9FBA943113A7E2970080071B /* Frameworks */ = {
			isa = PBXFrameworksBuildPhase;
			buildActionMask = 2147483647;
			files = (
				9FBA943913A7E2970080071B /* UIKit.framework in Frameworks */,
				9FBA943B13A7E2970080071B /* Foundation.framework in Frameworks */,
				9FBA943D13A7E2970080071B /* CoreGraphics.framework in Frameworks */,
				9FBA943F13A7E2970080071B /* QuartzCore.framework in Frameworks */,
				9FBA944113A7E2970080071B /* OpenGLES.framework in Frameworks */,
				9F97063213A7E4DF00EDA5B8 /* GameKit.framework in Frameworks */,
			);
			runOnlyForDeploymentPostprocessing = 0;
		};
/* End PBXFrameworksBuildPhase section */

/* Begin PBXGroup section */
		9F5E8EC913AAB23400413A91 /* textures */ = {
			isa = PBXGroup;
			children = (
				9F5E8ECA13AAB23400413A91 /* pvrfile.mm */,
				9F5E8ECB13AAB23400413A91 /* pvrfile.h */,
				9F5E8ED413AAD6F000413A91 /* TextureManager.h */,
				9F5E8ED513AAD6F000413A91 /* TextureManager.mm */,
				9F5E8ED913AAE43F00413A91 /* SyncedTexture.h */,
				9F5E8EDA13AAE43F00413A91 /* SyncedTexture.mm */,
				9F5E8EDE13AB2AD400413A91 /* AsyncTexture.h */,
				9F5E8EDF13AB2AD400413A91 /* AsyncTexture.mm */,
			);
			path = textures;
			sourceTree = "<group>";
		};
		9F97063E13A7E66100EDA5B8 /* performancemonitor */ = {
			isa = PBXGroup;
			children = (
				9FED698613A878350022C002 /* codingguides.h */,
				9F97063F13A7E66100EDA5B8 /* glprogram.cc */,
				9F97064013A7E66100EDA5B8 /* glprogram.h */,
				9F97064113A7E66100EDA5B8 /* glshader.cc */,
				9F97064213A7E66100EDA5B8 /* glshader.h */,
				9F97064313A7E66100EDA5B8 /* performancemonitor.cc */,
				9F97064413A7E66100EDA5B8 /* performancemonitor.h */,
			);
			path = performancemonitor;
			sourceTree = "<group>";
		};
		9FBA942913A7E2970080071B = {
			isa = PBXGroup;
			children = (
				9F97063E13A7E66100EDA5B8 /* performancemonitor */,
				AB6C522C1526C2EC0056EE84 /* external */,
				9FBA944213A7E2970080071B /* limbicgl */,
				9FBA943713A7E2970080071B /* Frameworks */,
				9FBA943513A7E2970080071B /* Products */,
			);
			sourceTree = "<group>";
		};
		9FBA943513A7E2970080071B /* Products */ = {
			isa = PBXGroup;
			children = (
				9FBA943413A7E2970080071B /* limbicgl.app */,
			);
			name = Products;
			sourceTree = "<group>";
		};
		9FBA943713A7E2970080071B /* Frameworks */ = {
			isa = PBXGroup;
			children = (
				9F97063113A7E4DF00EDA5B8 /* GameKit.framework */,
				9FBA943813A7E2970080071B /* UIKit.framework */,
				9FBA943A13A7E2970080071B /* Foundation.framework */,
				9FBA943C13A7E2970080071B /* CoreGraphics.framework */,
				9FBA943E13A7E2970080071B /* QuartzCore.framework */,
				9FBA944013A7E2970080071B /* OpenGLES.framework */,
			);
			name = Frameworks;
			sourceTree = "<group>";
		};
		9FBA944213A7E2970080071B /* limbicgl */ = {
			isa = PBXGroup;
			children = (
				AB6C52201526C24A0056EE84 /* core */,
				9F5E8EC913AAB23400413A91 /* textures */,
				9FED698713A87A0E0022C002 /* drivers */,
				9FED698213A877E80022C002 /* iPad */,
				9FEF560713A82EC600C9A484 /* game */,
				9FEF560613A82C5700C9A484 /* config.h */,
				9FBA944B13A7E2970080071B /* LimbicGLAppDelegate.h */,
				9FBA944C13A7E2970080071B /* LimbicGLAppDelegate.mm */,
				9FBA944E13A7E2970080071B /* MainWindow.xib */,
				9FBA945B13A7E2970080071B /* LimbicGLViewController.xib */,
				9F54D06213A7E2EF00BCAB6B /* EAGLView.h */,
				9F54D06313A7E2EF00BCAB6B /* EAGLView.mm */,
				9F54D06413A7E2EF00BCAB6B /* LimbicGLViewController.h */,
				9F54D06513A7E2EF00BCAB6B /* LimbicGLViewController.mm */,
				9F54D06613A7E2EF00BCAB6B /* Renderer.h */,
				9F54D06713A7E2EF00BCAB6B /* Renderer.mm */,
				9FBA944313A7E2970080071B /* Supporting Files */,
				9FED698813A87B260022C002 /* RenderTarget.h */,
				9FED698913A87B260022C002 /* RenderTarget.m */,
			);
			path = limbicgl;
			sourceTree = "<group>";
		};
		9FBA944313A7E2970080071B /* Supporting Files */ = {
			isa = PBXGroup;
			children = (
				9F5E8EDC13AB28F300413A91 /* limbic_logo.pvr */,
				9F5E8ED713AAD8AF00413A91 /* checkerboard.pvr */,
				9FBA944413A7E2970080071B /* limbicgl-Info.plist */,
				9FBA944513A7E2970080071B /* InfoPlist.strings */,
				9FBA944813A7E2970080071B /* limbicgl-Prefix.pch */,
				9FBA944913A7E2970080071B /* main.m */,
			);
			name = "Supporting Files";
			sourceTree = "<group>";
		};
		9FED698213A877E80022C002 /* iPad */ = {
			isa = PBXGroup;
			children = (
				9FED698313A877E90022C002 /* MainWindow-iPad.xib */,
			);
			name = iPad;
			sourceTree = "<group>";
		};
		9FED698713A87A0E0022C002 /* drivers */ = {
			isa = PBXGroup;
			children = (
				9FCB68B513A932CA00368BE2 /* Driver.h */,
				9FCB68B913A934B900368BE2 /* SingleThreadDriver.h */,
				9FCB68BA13A934B900368BE2 /* SingleThreadDriver.mm */,
				9FCB68BC13A93DAA00368BE2 /* GCDDriver.h */,
				9FCB68BD13A93DAA00368BE2 /* GCDDriver.mm */,
				9FCB68BF13A93DB800368BE2 /* ThreadedDriver.h */,
				9FCB68C013A93DB800368BE2 /* ThreadedDriver.mm */,
				9F3EFF8A13B82BF400F4EEC3 /* ThreadedGCDDriver.h */,
				9F3EFF8B13B82BF400F4EEC3 /* ThreadedGCDDriver.mm */,
			);
			name = drivers;
			sourceTree = "<group>";
		};
		9FEF560713A82EC600C9A484 /* game */ = {
			isa = PBXGroup;
			children = (
				9FEF560913A82EC600C9A484 /* game.h */,
				9FEF560813A82EC600C9A484 /* game.mm */,
			);
			path = game;
			sourceTree = "<group>";
		};
		AB6C52201526C24A0056EE84 /* core */ = {
			isa = PBXGroup;
			children = (
				AB6C52221526C2510056EE84 /* Drawable3D.h */,
				AB6C52231526C2510056EE84 /* Drawable3D.cpp */,
				AB6C52241526C2510056EE84 /* Mesh3D.h */,
				AB6C52251526C2510056EE84 /* Mesh3D.cpp */,
				AB6C52261526C2510056EE84 /* Sprite3D.h */,
				AB6C52271526C2510056EE84 /* Sprite3D.cpp */,
				AB6C52281526C2510056EE84 /* TextureManager.cpp */,
				AB6C52291526C2510056EE84 /* TextureManager.h */,
				AB6C522A1526C2510056EE84 /* Tweeners.h */,
				AB6C522B1526C2510056EE84 /* Tweeners.cpp */,
			);
			path = core;
			sourceTree = "<group>";
		};
		AB6C522C1526C2EC0056EE84 /* external */ = {
			isa = PBXGroup;
			children = (
				AB6C522D1526C2F80056EE84 /* PowerVR */,
			);
			path = external;
			sourceTree = "<group>";
		};
		AB6C522D1526C2F80056EE84 /* PowerVR */ = {
			isa = PBXGroup;
			children = (
				AB6C522E1526C2F80056EE84 /* Tools */,
			);
			path = PowerVR;
			sourceTree = "<group>";
		};
		AB6C522E1526C2F80056EE84 /* Tools */ = {
			isa = PBXGroup;
			children = (
				AB6C522F1526C2F80056EE84 /* PVRTBackground.h */,
				AB6C52301526C2F80056EE84 /* PVRTBoneBatch.cpp */,
				AB6C52311526C2F80056EE84 /* PVRTBoneBatch.h */,
				AB6C52321526C2F80056EE84 /* PVRTContext.h */,
				AB6C52331526C2F80056EE84 /* PVRTDecompress.cpp */,
				AB6C52341526C2F80056EE84 /* PVRTDecompress.h */,
				AB6C52351526C2F80056EE84 /* PVRTError.cpp */,
				AB6C52361526C2F80056EE84 /* PVRTError.h */,
				AB6C52371526C2F80056EE84 /* PVRTFixedPoint.cpp */,
				AB6C52381526C2F80056EE84 /* PVRTFixedPoint.h */,
				AB6C52391526C2F80056EE84 /* PVRTGeometry.cpp */,
				AB6C523A1526C2F80056EE84 /* PVRTGeometry.h */,
				AB6C523B1526C2F80056EE84 /* PVRTGlobal.h */,
				AB6C523C1526C2F80056EE84 /* PVRTMathTable.h */,
				AB6C523D1526C2F80056EE84 /* PVRTMatrix.h */,
				AB6C523E1526C2F80056EE84 /* PVRTMatrixF.cpp */,
				AB6C523F1526C2F80056EE84 /* PVRTMatrixX.cpp */,
				AB6C52401526C2F80056EE84 /* PVRTMemoryFileSystem.h */,
				AB6C52411526C2F80056EE84 /* PVRTMisc.cpp */,
				AB6C52421526C2F80056EE84 /* PVRTMisc.h */,
				AB6C52431526C2F80056EE84 /* PVRTModelPOD.cpp */,
				AB6C52441526C2F80056EE84 /* PVRTModelPOD.h */,
				AB6C52451526C2F80056EE84 /* PVRTools.h */,
				AB6C52461526C2F80056EE84 /* PVRTPFXParser.cpp */,
				AB6C52471526C2F80056EE84 /* PVRTPFXParser.h */,
				AB6C52481526C2F80056EE84 /* PVRTQuaternion.h */,
				AB6C52491526C2F80056EE84 /* PVRTQuaternionF.cpp */,
				AB6C524A1526C2F80056EE84 /* PVRTQuaternionX.cpp */,
				AB6C524B1526C2F80056EE84 /* PVRTResourceFile.cpp */,
				AB6C524C1526C2F80056EE84 /* PVRTResourceFile.h */,
				AB6C524D1526C2F80056EE84 /* PVRTShadowVol.cpp */,
				AB6C524E1526C2F80056EE84 /* PVRTShadowVol.h */,
				AB6C524F1526C2F80056EE84 /* PVRTSingleton.h */,
				AB6C52501526C2F80056EE84 /* PVRTString.cpp */,
				AB6C52511526C2F80056EE84 /* PVRTString.h */,
				AB6C52521526C2F80056EE84 /* PVRTTexture.cpp */,
				AB6C52531526C2F80056EE84 /* PVRTTexture.h */,
				AB6C52541526C2F80056EE84 /* PVRTTrans.cpp */,
				AB6C52551526C2F80056EE84 /* PVRTTrans.h */,
				AB6C52561526C2F80056EE84 /* PVRTTriStrip.cpp */,
				AB6C52571526C2F80056EE84 /* PVRTTriStrip.h */,
				AB6C52581526C2F80056EE84 /* PVRTVector.cpp */,
				AB6C52591526C2F80056EE84 /* PVRTVector.h */,
				AB6C525A1526C2F80056EE84 /* PVRTVertex.cpp */,
				AB6C525B1526C2F80056EE84 /* PVRTVertex.h */,
			);
			path = Tools;
			sourceTree = "<group>";
		};
/* End PBXGroup section */

/* Begin PBXNativeTarget section */
		9FBA943313A7E2970080071B /* limbicgl */ = {
			isa = PBXNativeTarget;
			buildConfigurationList = 9FBA946013A7E2970080071B /* Build configuration list for PBXNativeTarget "limbicgl" */;
			buildPhases = (
				9FBA943013A7E2970080071B /* Sources */,
				9FBA943113A7E2970080071B /* Frameworks */,
				9FBA943213A7E2970080071B /* Resources */,
			);
			buildRules = (
			);
			dependencies = (
			);
			name = limbicgl;
			productName = limbicgl;
			productReference = 9FBA943413A7E2970080071B /* limbicgl.app */;
			productType = "com.apple.product-type.application";
		};
/* End PBXNativeTarget section */

/* Begin PBXProject section */
		9FBA942B13A7E2970080071B /* Project object */ = {
			isa = PBXProject;
			attributes = {
				ORGANIZATIONNAME = "Limbic Software, Inc.";
			};
			buildConfigurationList = 9FBA942E13A7E2970080071B /* Build configuration list for PBXProject "limbicgl" */;
			compatibilityVersion = "Xcode 3.2";
			developmentRegion = English;
			hasScannedForEncodings = 0;
			knownRegions = (
				en,
			);
			mainGroup = 9FBA942913A7E2970080071B;
			productRefGroup = 9FBA943513A7E2970080071B /* Products */;
			projectDirPath = "";
			projectRoot = "";
			targets = (
				9FBA943313A7E2970080071B /* limbicgl */,
			);
		};
/* End PBXProject section */

/* Begin PBXResourcesBuildPhase section */
		9FBA943213A7E2970080071B /* Resources */ = {
			isa = PBXResourcesBuildPhase;
			buildActionMask = 2147483647;
			files = (
				9FBA944713A7E2970080071B /* InfoPlist.strings in Resources */,
				9FBA945013A7E2970080071B /* MainWindow.xib in Resources */,
				9FBA945D13A7E2970080071B /* LimbicGLViewController.xib in Resources */,
				9FED698513A877E90022C002 /* MainWindow-iPad.xib in Resources */,
				9F5E8ED813AAD8AF00413A91 /* checkerboard.pvr in Resources */,
				9F5E8EDD13AB28F300413A91 /* limbic_logo.pvr in Resources */,
			);
			runOnlyForDeploymentPostprocessing = 0;
		};
/* End PBXResourcesBuildPhase section */

/* Begin PBXSourcesBuildPhase section */
		9FBA943013A7E2970080071B /* Sources */ = {
			isa = PBXSourcesBuildPhase;
			buildActionMask = 2147483647;
			files = (
				9FBA944A13A7E2970080071B /* main.m in Sources */,
				9FBA944D13A7E2970080071B /* LimbicGLAppDelegate.mm in Sources */,
				9F54D06813A7E2EF00BCAB6B /* EAGLView.mm in Sources */,
				9F54D06913A7E2EF00BCAB6B /* LimbicGLViewController.mm in Sources */,
				9F54D06A13A7E2EF00BCAB6B /* Renderer.mm in Sources */,
				9F97064513A7E66100EDA5B8 /* glprogram.cc in Sources */,
				9F97064613A7E66100EDA5B8 /* glshader.cc in Sources */,
				9F97064713A7E66100EDA5B8 /* performancemonitor.cc in Sources */,
				9FEF560A13A82EC600C9A484 /* game.mm in Sources */,
				9FED698A13A87B260022C002 /* RenderTarget.m in Sources */,
				9FCB68BB13A934B900368BE2 /* SingleThreadDriver.mm in Sources */,
				9FCB68BE13A93DAA00368BE2 /* GCDDriver.mm in Sources */,
				9FCB68C113A93DB800368BE2 /* ThreadedDriver.mm in Sources */,
				9F5E8ECC13AAB23400413A91 /* pvrfile.mm in Sources */,
				9F5E8ED613AAD6F000413A91 /* TextureManager.mm in Sources */,
				9F5E8EDB13AAE43F00413A91 /* SyncedTexture.mm in Sources */,
				9F5E8EE013AB2AD400413A91 /* AsyncTexture.mm in Sources */,
				9F3EFF8C13B82BF400F4EEC3 /* ThreadedGCDDriver.mm in Sources */,
				AB6C525C1526C2F80056EE84 /* PVRTBoneBatch.cpp in Sources */,
				AB6C525D1526C2F80056EE84 /* PVRTDecompress.cpp in Sources */,
				AB6C525E1526C2F80056EE84 /* PVRTError.cpp in Sources */,
				AB6C525F1526C2F80056EE84 /* PVRTFixedPoint.cpp in Sources */,
				AB6C52601526C2F80056EE84 /* PVRTGeometry.cpp in Sources */,
				AB6C52611526C2F80056EE84 /* PVRTMatrixF.cpp in Sources */,
				AB6C52621526C2F80056EE84 /* PVRTMatrixX.cpp in Sources */,
				AB6C52631526C2F80056EE84 /* PVRTMisc.cpp in Sources */,
				AB6C52641526C2F80056EE84 /* PVRTModelPOD.cpp in Sources */,
				AB6C52651526C2F80056EE84 /* PVRTPFXParser.cpp in Sources */,
				AB6C52661526C2F80056EE84 /* PVRTQuaternionF.cpp in Sources */,
				AB6C52671526C2F80056EE84 /* PVRTQuaternionX.cpp in Sources */,
				AB6C52681526C2F80056EE84 /* PVRTResourceFile.cpp in Sources */,
				AB6C52691526C2F80056EE84 /* PVRTShadowVol.cpp in Sources */,
				AB6C526A1526C2F80056EE84 /* PVRTString.cpp in Sources */,
				AB6C526B1526C2F80056EE84 /* PVRTTexture.cpp in Sources */,
				AB6C526C1526C2F80056EE84 /* PVRTTrans.cpp in Sources */,
				AB6C526D1526C2F80056EE84 /* PVRTTriStrip.cpp in Sources */,
				AB6C526E1526C2F80056EE84 /* PVRTVector.cpp in Sources */,
				AB6C526F1526C2F80056EE84 /* PVRTVertex.cpp in Sources */,
			);
			runOnlyForDeploymentPostprocessing = 0;
		};
/* End PBXSourcesBuildPhase section */

/* Begin PBXVariantGroup section */
		9FBA944513A7E2970080071B /* InfoPlist.strings */ = {
			isa = PBXVariantGroup;
			children = (
				9FBA944613A7E2970080071B /* en */,
			);
			name = InfoPlist.strings;
			sourceTree = "<group>";
		};
		9FBA944E13A7E2970080071B /* MainWindow.xib */ = {
			isa = PBXVariantGroup;
			children = (
				9FBA944F13A7E2970080071B /* en */,
			);
			name = MainWindow.xib;
			sourceTree = "<group>";
		};
		9FBA945B13A7E2970080071B /* LimbicGLViewController.xib */ = {
			isa = PBXVariantGroup;
			children = (
				9FBA945C13A7E2970080071B /* en */,
			);
			name = LimbicGLViewController.xib;
			sourceTree = "<group>";
		};
		9FED698313A877E90022C002 /* MainWindow-iPad.xib */ = {
			isa = PBXVariantGroup;
			children = (
				9FED698413A877E90022C002 /* en */,
			);
			name = "MainWindow-iPad.xib";
			sourceTree = "<group>";
		};
/* End PBXVariantGroup section */

/* Begin XCBuildConfiguration section */
		9FBA945E13A7E2970080071B /* Debug */ = {
			isa = XCBuildConfiguration;
			buildSettings = {
				ARCHS = "$(ARCHS_STANDARD_32_BIT)";
				"CODE_SIGN_IDENTITY[sdk=iphoneos*]" = "iPhone Developer";
				GCC_C_LANGUAGE_STANDARD = gnu99;
				GCC_OPTIMIZATION_LEVEL = 0;
				GCC_PREPROCESSOR_DEFINITIONS = DEBUG;
				GCC_SYMBOLS_PRIVATE_EXTERN = NO;
				GCC_VERSION = com.apple.compilers.llvmgcc42;
				GCC_WARN_ABOUT_RETURN_TYPE = YES;
				GCC_WARN_UNUSED_VARIABLE = YES;
				IPHONEOS_DEPLOYMENT_TARGET = 4.3;
				SDKROOT = iphoneos;
			};
			name = Debug;
		};
		9FBA945F13A7E2970080071B /* Release */ = {
			isa = XCBuildConfiguration;
			buildSettings = {
				ARCHS = "$(ARCHS_STANDARD_32_BIT)";
				"CODE_SIGN_IDENTITY[sdk=iphoneos*]" = "iPhone Developer";
				GCC_C_LANGUAGE_STANDARD = gnu99;
				GCC_VERSION = com.apple.compilers.llvmgcc42;
				GCC_WARN_ABOUT_RETURN_TYPE = YES;
				GCC_WARN_UNUSED_VARIABLE = YES;
				IPHONEOS_DEPLOYMENT_TARGET = 4.3;
				OTHER_CFLAGS = "-DNS_BLOCK_ASSERTIONS=1";
				SDKROOT = iphoneos;
			};
			name = Release;
		};
		9FBA946113A7E2970080071B /* Debug */ = {
			isa = XCBuildConfiguration;
			buildSettings = {
				ALWAYS_SEARCH_USER_PATHS = NO;
				COPY_PHASE_STRIP = NO;
				GCC_DYNAMIC_NO_PIC = NO;
				GCC_PRECOMPILE_PREFIX_HEADER = YES;
				GCC_PREFIX_HEADER = "limbicgl/limbicgl-Prefix.pch";
				GCC_PREPROCESSOR_DEFINITIONS = (
					DEBUG,
					ENABLE_PEFORMANCE_MONITOR,
				);
				"GCC_THUMB_SUPPORT[arch=armv6]" = "";
				HEADER_SEARCH_PATHS = .;
				INFOPLIST_FILE = "limbicgl/limbicgl-Info.plist";
				IPHONEOS_DEPLOYMENT_TARGET = 4.3;
				PRODUCT_NAME = "$(TARGET_NAME)";
				TARGETED_DEVICE_FAMILY = "1,2";
				WRAPPER_EXTENSION = app;
			};
			name = Debug;
		};
		9FBA946213A7E2970080071B /* Release */ = {
			isa = XCBuildConfiguration;
			buildSettings = {
				ALWAYS_SEARCH_USER_PATHS = NO;
				COPY_PHASE_STRIP = YES;
				GCC_PRECOMPILE_PREFIX_HEADER = YES;
				GCC_PREFIX_HEADER = "limbicgl/limbicgl-Prefix.pch";
				GCC_PREPROCESSOR_DEFINITIONS = ENABLE_PEFORMANCE_MONITOR;
				"GCC_THUMB_SUPPORT[arch=armv6]" = "";
				HEADER_SEARCH_PATHS = .;
				INFOPLIST_FILE = "limbicgl/limbicgl-Info.plist";
				IPHONEOS_DEPLOYMENT_TARGET = 4.3;
				PRODUCT_NAME = "$(TARGET_NAME)";
				TARGETED_DEVICE_FAMILY = "1,2";
				VALIDATE_PRODUCT = YES;
				WRAPPER_EXTENSION = app;
			};
			name = Release;
		};
/* End XCBuildConfiguration section */

/* Begin XCConfigurationList section */
		9FBA942E13A7E2970080071B /* Build configuration list for PBXProject "limbicgl" */ = {
			isa = XCConfigurationList;
			buildConfigurations = (
				9FBA945E13A7E2970080071B /* Debug */,
				9FBA945F13A7E2970080071B /* Release */,
			);
			defaultConfigurationIsVisible = 0;
			defaultConfigurationName = Release;
		};
		9FBA946013A7E2970080071B /* Build configuration list for PBXNativeTarget "limbicgl" */ = {
			isa = XCConfigurationList;
			buildConfigurations = (
				9FBA946113A7E2970080071B /* Debug */,
				9FBA946213A7E2970080071B /* Release */,
			);
			defaultConfigurationIsVisible = 0;
			defaultConfigurationName = Release;
		};
/* End XCConfigurationList section */
	};
	rootObject = 9FBA942B13A7E2970080071B /* Project object */;
}
